{
  "originHash" : "a1e72d5b39f60f7d3d55cbba965f9caa7002814ddf0b5ffb8911df323b710cdc",
  "pins" : [
    {
      "identity" : "screenkit",
      "kind" : "remoteSourceControl",
      "location" : "https://github.com/SoundBlaster/ScreenKit.git",
      "state" : {
        "revision" : "244e4f204e178764c450c5777a77395a477aa118",
        "version" : "0.2.1"
      }
    },
    {
      "identity" : "swift-docc-plugin",
      "kind" : "remoteSourceControl",
      "location" : "https://github.com/swiftlang/swift-docc-plugin",
      "state" : {
        "revision" : "647c708be89f834fa6a6d4945442793a77ddf5b6",
        "version" : "1.5.0"
      }
    },
    {
      "identity" : "swift-docc-symbolkit",
      "kind" : "remoteSourceControl",
      "location" : "https://github.com/swiftlang/swift-docc-symbolkit",
      "state" : {
        "revision" : "b45d1f2ed151d057b54504d653e0da5552844e34",
        "version" : "1.0.0"
      }
    },
    {
      "identity" : "swift-syntax",
      "kind" : "remoteSourceControl",
      "location" : "https://github.com/swiftlang/swift-syntax.git",
      "state" : {
        "revision" : "4799286537280063c85a32f09884cfbca301b1a1",
        "version" : "602.0.0"
      }
    }
  ],
  "version" : 3
}
