{
  "originHash" : "adca242916d50f04a35857495f86982de09b8ef5a5dc1842537d2e5221fd8bdb",
  "pins" : [
    {
      "identity" : "screenkit",
      "kind" : "remoteSourceControl",
      "location" : "https://github.com/SoundBlaster/ScreenKit.git",
      "state" : {
        "revision" : "32a81068dc7d4dfc1ff77633aa20c58bc9470012",
        "version" : "0.2.0"
      }
    },
    {
      "identity" : "swift-docc-plugin",
      "kind" : "remoteSourceControl",
      "location" : "https://github.com/swiftlang/swift-docc-plugin",
      "state" : {
        "revision" : "647c708be89f834fa6a6d4945442793a77ddf5b6",
        "version" : "1.5.0"
      }
    },
    {
      "identity" : "swift-docc-symbolkit",
      "kind" : "remoteSourceControl",
      "location" : "https://github.com/swiftlang/swift-docc-symbolkit",
      "state" : {
        "revision" : "b45d1f2ed151d057b54504d653e0da5552844e34",
        "version" : "1.0.0"
      }
    },
    {
      "identity" : "swift-syntax",
      "kind" : "remoteSourceControl",
      "location" : "https://github.com/swiftlang/swift-syntax.git",
      "state" : {
        "revision" : "4799286537280063c85a32f09884cfbca301b1a1",
        "version" : "602.0.0"
      }
    }
  ],
  "version" : 3
}
