{
  "originHash" : "e0a0d10dbc63bb9fbf0618421c129bc4a71c11aa510cfd3117ff454a2327861b",
  "pins" : [
    {
      "identity" : "screenkit",
      "kind" : "remoteSourceControl",
      "location" : "https://github.com/SoundBlaster/ScreenKit.git",
      "state" : {
        "revision" : "32a81068dc7d4dfc1ff77633aa20c58bc9470012",
        "version" : "0.2.0"
      }
    },
    {
      "identity" : "swift-syntax",
      "kind" : "remoteSourceControl",
      "location" : "https://github.com/swiftlang/swift-syntax.git",
      "state" : {
        "revision" : "4799286537280063c85a32f09884cfbca301b1a1",
        "version" : "602.0.0"
      }
    }
  ],
  "version" : 3
}
